
Microsoft Visual Studio Solution File, Format Version 12.00
# Visual Studio Version 17
VisualStudioVersion = 17.4.33205.214
MinimumVisualStudioVersion = 10.0.40219.1
Project("{FAE04EC0-301F-11D3-BF4B-00C04F79EFBC}") = "prn-job-manager", "prn-job-manager\prn-job-manager.csproj", "{D88E804B-A19C-4A7D-AF37-803FF41B3870}"
EndProject
Global
	GlobalSection(SolutionConfigurationPlatforms) = preSolution
		Debug|Any CPU = Debug|Any CPU
		Release|Any CPU = Release|Any CPU
	EndGlobalSection
	GlobalSection(ProjectConfigurationPlatforms) = postSolution
		{D88E804B-A19C-4A7D-AF37-803FF41B3870}.Debug|Any CPU.ActiveCfg = Debug|Any CPU
		{D88E804B-A19C-4A7D-AF37-803FF41B3870}.Debug|Any CPU.Build.0 = Debug|Any CPU
		{D88E804B-A19C-4A7D-AF37-803FF41B3870}.Release|Any CPU.ActiveCfg = Release|Any CPU
		{D88E804B-A19C-4A7D-AF37-803FF41B3870}.Release|Any CPU.Build.0 = Release|Any CPU
	EndGlobalSection
	GlobalSection(SolutionProperties) = preSolution
		HideSolutionNode = FALSE
	EndGlobalSection
	GlobalSection(ExtensibilityGlobals) = postSolution
		SolutionGuid = {8D68CF9E-9D99-46DC-BCD6-324DA99C471C}
	EndGlobalSection
EndGlobal
